// !$*UTF8*$!
{
	archiveVersion = 1;
	classes = {
	};
	objectVersion = 50;
	objects = {

/* Begin PBXBuildFile section */
		054901DA2396D28A00A8ABB2 /* BaseViewController.swift in Sources */ = {isa = PBXBuildFile; fileRef = 054901D92396D28A00A8ABB2 /* BaseViewController.swift */; };
		054901DC239914F500A8ABB2 /* CornerLocation.swift in Sources */ = {isa = PBXBuildFile; fileRef = 054901DB239914F400A8ABB2 /* CornerLocation.swift */; };
		055A70DA23740F6700B90644 /* ScannedDataViewController.swift in Sources */ = {isa = PBXBuildFile; fileRef = 055A70D923740F6600B90644 /* ScannedDataViewController.swift */; };
		055A70DC2374103800B90644 /* ScannedData.storyboard in Resources */ = {isa = PBXBuildFile; fileRef = 055A70DB2374103800B90644 /* ScannedData.storyboard */; };
		055A70DE2374230800B90644 /* Navigation.swift in Sources */ = {isa = PBXBuildFile; fileRef = 055A70DD2374230800B90644 /* Navigation.swift */; };
		057C850B237D8DA000F29B2D /* Extention.swift in Sources */ = {isa = PBXBuildFile; fileRef = 057C850A237D8DA000F29B2D /* Extention.swift */; };
		05A89DD823D376C30081AF77 /* DrawingCorner.swift in Sources */ = {isa = PBXBuildFile; fileRef = 05A89DD723D376C30081AF77 /* DrawingCorner.swift */; };
		05A89DDA23D37B6A0081AF77 /* DrawingScanningRect.swift in Sources */ = {isa = PBXBuildFile; fileRef = 05A89DD923D37B6A0081AF77 /* DrawingScanningRect.swift */; };
		05BCEDF2235649CF002F804F /* AppDelegate.swift in Sources */ = {isa = PBXBuildFile; fileRef = 05BCEDF1235649CF002F804F /* AppDelegate.swift */; };
		05BCEDF4235649CF002F804F /* SceneDelegate.swift in Sources */ = {isa = PBXBuildFile; fileRef = 05BCEDF3235649CF002F804F /* SceneDelegate.swift */; };
		05BCEDF9235649CF002F804F /* Main.storyboard in Resources */ = {isa = PBXBuildFile; fileRef = 05BCEDF7235649CF002F804F /* Main.storyboard */; };
		05BCEDFB235649D3002F804F /* Assets.xcassets in Resources */ = {isa = PBXBuildFile; fileRef = 05BCEDFA235649D3002F804F /* Assets.xcassets */; };
		05BCEDFE235649D3002F804F /* LaunchScreen.storyboard in Resources */ = {isa = PBXBuildFile; fileRef = 05BCEDFC235649D3002F804F /* LaunchScreen.storyboard */; };
		05BCEE0B2356514E002F804F /* ScannerViewController.swift in Sources */ = {isa = PBXBuildFile; fileRef = 05BCEE0A2356514E002F804F /* ScannerViewController.swift */; };
		05E14D7D2394140D005F22A0 /* Line.swift in Sources */ = {isa = PBXBuildFile; fileRef = 05E14D7C2394140D005F22A0 /* Line.swift */; };
		05E14D7F23941431005F22A0 /* Canvas.swift in Sources */ = {isa = PBXBuildFile; fileRef = 05E14D7E23941431005F22A0 /* Canvas.swift */; };
		05E14D812394159C005F22A0 /* DrawingViewController.swift in Sources */ = {isa = PBXBuildFile; fileRef = 05E14D802394159C005F22A0 /* DrawingViewController.swift */; };
		05E14D83239416F5005F22A0 /* Drawing.storyboard in Resources */ = {isa = PBXBuildFile; fileRef = 05E14D82239416F5005F22A0 /* Drawing.storyboard */; };
		2FB8278023DE0D6300D1D6E4 /* DrawingBoundingBox.swift in Sources */ = {isa = PBXBuildFile; fileRef = 2FB8277F23DE0D6300D1D6E4 /* DrawingBoundingBox.swift */; };
		2FB8278223DE0D7100D1D6E4 /* DrawingPreviewLayer.swift in Sources */ = {isa = PBXBuildFile; fileRef = 2FB8278123DE0D7100D1D6E4 /* DrawingPreviewLayer.swift */; };
		2FB8278423DE154D00D1D6E4 /* CaptureSession.swift in Sources */ = {isa = PBXBuildFile; fileRef = 2FB8278323DE154D00D1D6E4 /* CaptureSession.swift */; };
/* End PBXBuildFile section */

/* Begin PBXFileReference section */
		054901D92396D28A00A8ABB2 /* BaseViewController.swift */ = {isa = PBXFileReference; lastKnownFileType = sourcecode.swift; path = BaseViewController.swift; sourceTree = "<group>"; };
		054901DB239914F400A8ABB2 /* CornerLocation.swift */ = {isa = PBXFileReference; lastKnownFileType = sourcecode.swift; path = CornerLocation.swift; sourceTree = "<group>"; };
		055A70D923740F6600B90644 /* ScannedDataViewController.swift */ = {isa = PBXFileReference; lastKnownFileType = sourcecode.swift; path = ScannedDataViewController.swift; sourceTree = "<group>"; };
		055A70DB2374103800B90644 /* ScannedData.storyboard */ = {isa = PBXFileReference; lastKnownFileType = file.storyboard; path = ScannedData.storyboard; sourceTree = "<group>"; };
		055A70DD2374230800B90644 /* Navigation.swift */ = {isa = PBXFileReference; lastKnownFileType = sourcecode.swift; path = Navigation.swift; sourceTree = "<group>"; };
		057C850A237D8DA000F29B2D /* Extention.swift */ = {isa = PBXFileReference; lastKnownFileType = sourcecode.swift; path = Extention.swift; sourceTree = "<group>"; };
		05A89DD723D376C30081AF77 /* DrawingCorner.swift */ = {isa = PBXFileReference; lastKnownFileType = sourcecode.swift; path = DrawingCorner.swift; sourceTree = "<group>"; };
		05A89DD923D37B6A0081AF77 /* DrawingScanningRect.swift */ = {isa = PBXFileReference; lastKnownFileType = sourcecode.swift; path = DrawingScanningRect.swift; sourceTree = "<group>"; };
		05BCEDEE235649CF002F804F /* testQRScanner.app */ = {isa = PBXFileReference; explicitFileType = wrapper.application; includeInIndex = 0; path = testQRScanner.app; sourceTree = BUILT_PRODUCTS_DIR; };
		05BCEDF1235649CF002F804F /* AppDelegate.swift */ = {isa = PBXFileReference; lastKnownFileType = sourcecode.swift; path = AppDelegate.swift; sourceTree = "<group>"; };
		05BCEDF3235649CF002F804F /* SceneDelegate.swift */ = {isa = PBXFileReference; lastKnownFileType = sourcecode.swift; path = SceneDelegate.swift; sourceTree = "<group>"; };
		05BCEDF8235649CF002F804F /* Base */ = {isa = PBXFileReference; lastKnownFileType = file.storyboard; name = Base; path = Base.lproj/Main.storyboard; sourceTree = "<group>"; };
		05BCEDFA235649D3002F804F /* Assets.xcassets */ = {isa = PBXFileReference; lastKnownFileType = folder.assetcatalog; path = Assets.xcassets; sourceTree = "<group>"; };
		05BCEDFD235649D3002F804F /* Base */ = {isa = PBXFileReference; lastKnownFileType = file.storyboard; name = Base; path = Base.lproj/LaunchScreen.storyboard; sourceTree = "<group>"; };
		05BCEDFF235649D3002F804F /* Info.plist */ = {isa = PBXFileReference; lastKnownFileType = text.plist.xml; path = Info.plist; sourceTree = "<group>"; };
		05BCEE0A2356514E002F804F /* ScannerViewController.swift */ = {isa = PBXFileReference; lastKnownFileType = sourcecode.swift; path = ScannerViewController.swift; sourceTree = "<group>"; };
		05E14D7C2394140D005F22A0 /* Line.swift */ = {isa = PBXFileReference; lastKnownFileType = sourcecode.swift; path = Line.swift; sourceTree = "<group>"; };
		05E14D7E23941431005F22A0 /* Canvas.swift */ = {isa = PBXFileReference; lastKnownFileType = sourcecode.swift; path = Canvas.swift; sourceTree = "<group>"; };
		05E14D802394159C005F22A0 /* DrawingViewController.swift */ = {isa = PBXFileReference; lastKnownFileType = sourcecode.swift; path = DrawingViewController.swift; sourceTree = "<group>"; };
		05E14D82239416F5005F22A0 /* Drawing.storyboard */ = {isa = PBXFileReference; lastKnownFileType = file.storyboard; path = Drawing.storyboard; sourceTree = "<group>"; };
		2FB8277F23DE0D6300D1D6E4 /* DrawingBoundingBox.swift */ = {isa = PBXFileReference; fileEncoding = 4; lastKnownFileType = sourcecode.swift; path = DrawingBoundingBox.swift; sourceTree = "<group>"; };
		2FB8278123DE0D7100D1D6E4 /* DrawingPreviewLayer.swift */ = {isa = PBXFileReference; fileEncoding = 4; lastKnownFileType = sourcecode.swift; path = DrawingPreviewLayer.swift; sourceTree = "<group>"; };
		2FB8278323DE154D00D1D6E4 /* CaptureSession.swift */ = {isa = PBXFileReference; lastKnownFileType = sourcecode.swift; path = CaptureSession.swift; sourceTree = "<group>"; };
/* End PBXFileReference section */

/* Begin PBXFrameworksBuildPhase section */
		05BCEDEB235649CF002F804F /* Frameworks */ = {
			isa = PBXFrameworksBuildPhase;
			buildActionMask = 2147483647;
			files = (
			);
			runOnlyForDeploymentPostprocessing = 0;
		};
/* End PBXFrameworksBuildPhase section */

/* Begin PBXGroup section */
		05BCEDE5235649CF002F804F = {
			isa = PBXGroup;
			children = (
				05BCEDF0235649CF002F804F /* testQRScanner */,
				05BCEDEF235649CF002F804F /* Products */,
			);
			sourceTree = "<group>";
		};
		05BCEDEF235649CF002F804F /* Products */ = {
			isa = PBXGroup;
			children = (
				05BCEDEE235649CF002F804F /* testQRScanner.app */,
			);
			name = Products;
			sourceTree = "<group>";
		};
		05BCEDF0235649CF002F804F /* testQRScanner */ = {
			isa = PBXGroup;
			children = (
				057C850A237D8DA000F29B2D /* Extention.swift */,
				054901DB239914F400A8ABB2 /* CornerLocation.swift */,
				055A70DD2374230800B90644 /* Navigation.swift */,
				05BCEE0823564B14002F804F /* AppDelegate */,
				05BCEE0623564AB4002F804F /* Controllers */,
				05BCEE0523564A20002F804F /* Model */,
				05BCEE0923564B48002F804F /* Resources */,
				05BCEE0723564ABF002F804F /* View */,
				05A89DD723D376C30081AF77 /* DrawingCorner.swift */,
				2FB8278323DE154D00D1D6E4 /* CaptureSession.swift */,
				2FB8277F23DE0D6300D1D6E4 /* DrawingBoundingBox.swift */,
				2FB8278123DE0D7100D1D6E4 /* DrawingPreviewLayer.swift */,
				05A89DD923D37B6A0081AF77 /* DrawingScanningRect.swift */,
			);
			path = testQRScanner;
			sourceTree = "<group>";
		};
		05BCEE0523564A20002F804F /* Model */ = {
			isa = PBXGroup;
			children = (
				05E14D7C2394140D005F22A0 /* Line.swift */,
			);
			path = Model;
			sourceTree = "<group>";
		};
		05BCEE0623564AB4002F804F /* Controllers */ = {
			isa = PBXGroup;
			children = (
				05BCEE0A2356514E002F804F /* ScannerViewController.swift */,
				055A70D923740F6600B90644 /* ScannedDataViewController.swift */,
				05E14D802394159C005F22A0 /* DrawingViewController.swift */,
				054901D92396D28A00A8ABB2 /* BaseViewController.swift */,
			);
			path = Controllers;
			sourceTree = "<group>";
		};
		05BCEE0723564ABF002F804F /* View */ = {
			isa = PBXGroup;
			children = (
				05BCEDF7235649CF002F804F /* Main.storyboard */,
				05BCEDFC235649D3002F804F /* LaunchScreen.storyboard */,
				055A70DB2374103800B90644 /* ScannedData.storyboard */,
				05E14D82239416F5005F22A0 /* Drawing.storyboard */,
				05E14D7E23941431005F22A0 /* Canvas.swift */,
			);
			path = View;
			sourceTree = "<group>";
		};
		05BCEE0823564B14002F804F /* AppDelegate */ = {
			isa = PBXGroup;
			children = (
				05BCEDF1235649CF002F804F /* AppDelegate.swift */,
				05BCEDF3235649CF002F804F /* SceneDelegate.swift */,
			);
			path = AppDelegate;
			sourceTree = "<group>";
		};
		05BCEE0923564B48002F804F /* Resources */ = {
			isa = PBXGroup;
			children = (
				05BCEDFF235649D3002F804F /* Info.plist */,
				05BCEDFA235649D3002F804F /* Assets.xcassets */,
			);
			path = Resources;
			sourceTree = "<group>";
		};
/* End PBXGroup section */

/* Begin PBXNativeTarget section */
		05BCEDED235649CF002F804F /* testQRScanner */ = {
			isa = PBXNativeTarget;
			buildConfigurationList = 05BCEE02235649D3002F804F /* Build configuration list for PBXNativeTarget "testQRScanner" */;
			buildPhases = (
				05BCEDEA235649CF002F804F /* Sources */,
				05BCEDEB235649CF002F804F /* Frameworks */,
				05BCEDEC235649CF002F804F /* Resources */,
			);
			buildRules = (
			);
			dependencies = (
			);
			name = testQRScanner;
			productName = testQRScanner;
			productReference = 05BCEDEE235649CF002F804F /* testQRScanner.app */;
			productType = "com.apple.product-type.application";
		};
/* End PBXNativeTarget section */

/* Begin PBXProject section */
		05BCEDE6235649CF002F804F /* Project object */ = {
			isa = PBXProject;
			attributes = {
				LastSwiftUpdateCheck = 1100;
				LastUpgradeCheck = 1100;
				ORGANIZATIONNAME = "Ira Golubovich";
				TargetAttributes = {
					05BCEDED235649CF002F804F = {
						CreatedOnToolsVersion = 11.0;
					};
				};
			};
			buildConfigurationList = 05BCEDE9235649CF002F804F /* Build configuration list for PBXProject "testQRScanner" */;
			compatibilityVersion = "Xcode 9.3";
			developmentRegion = en;
			hasScannedForEncodings = 0;
			knownRegions = (
				en,
				Base,
			);
			mainGroup = 05BCEDE5235649CF002F804F;
			productRefGroup = 05BCEDEF235649CF002F804F /* Products */;
			projectDirPath = "";
			projectRoot = "";
			targets = (
				05BCEDED235649CF002F804F /* testQRScanner */,
			);
		};
/* End PBXProject section */

/* Begin PBXResourcesBuildPhase section */
		05BCEDEC235649CF002F804F /* Resources */ = {
			isa = PBXResourcesBuildPhase;
			buildActionMask = 2147483647;
			files = (
				05BCEDFE235649D3002F804F /* LaunchScreen.storyboard in Resources */,
				055A70DC2374103800B90644 /* ScannedData.storyboard in Resources */,
				05BCEDFB235649D3002F804F /* Assets.xcassets in Resources */,
				05E14D83239416F5005F22A0 /* Drawing.storyboard in Resources */,
				05BCEDF9235649CF002F804F /* Main.storyboard in Resources */,
			);
			runOnlyForDeploymentPostprocessing = 0;
		};
/* End PBXResourcesBuildPhase section */

/* Begin PBXSourcesBuildPhase section */
		05BCEDEA235649CF002F804F /* Sources */ = {
			isa = PBXSourcesBuildPhase;
			buildActionMask = 2147483647;
			files = (
				05A89DDA23D37B6A0081AF77 /* DrawingScanningRect.swift in Sources */,
				2FB8278223DE0D7100D1D6E4 /* DrawingPreviewLayer.swift in Sources */,
				055A70DA23740F6700B90644 /* ScannedDataViewController.swift in Sources */,
				05BCEDF2235649CF002F804F /* AppDelegate.swift in Sources */,
				055A70DE2374230800B90644 /* Navigation.swift in Sources */,
				05A89DD823D376C30081AF77 /* DrawingCorner.swift in Sources */,
				05E14D7F23941431005F22A0 /* Canvas.swift in Sources */,
				2FB8278423DE154D00D1D6E4 /* CaptureSession.swift in Sources */,
				2FB8278023DE0D6300D1D6E4 /* DrawingBoundingBox.swift in Sources */,
				05E14D812394159C005F22A0 /* DrawingViewController.swift in Sources */,
				054901DA2396D28A00A8ABB2 /* BaseViewController.swift in Sources */,
				05BCEDF4235649CF002F804F /* SceneDelegate.swift in Sources */,
				05BCEE0B2356514E002F804F /* ScannerViewController.swift in Sources */,
				054901DC239914F500A8ABB2 /* CornerLocation.swift in Sources */,
				05E14D7D2394140D005F22A0 /* Line.swift in Sources */,
				057C850B237D8DA000F29B2D /* Extention.swift in Sources */,
			);
			runOnlyForDeploymentPostprocessing = 0;
		};
/* End PBXSourcesBuildPhase section */

/* Begin PBXVariantGroup section */
		05BCEDF7235649CF002F804F /* Main.storyboard */ = {
			isa = PBXVariantGroup;
			children = (
				05BCEDF8235649CF002F804F /* Base */,
			);
			name = Main.storyboard;
			sourceTree = "<group>";
		};
		05BCEDFC235649D3002F804F /* LaunchScreen.storyboard */ = {
			isa = PBXVariantGroup;
			children = (
				05BCEDFD235649D3002F804F /* Base */,
			);
			name = LaunchScreen.storyboard;
			sourceTree = "<group>";
		};
/* End PBXVariantGroup section */

/* Begin XCBuildConfiguration section */
		05BCEE00235649D3002F804F /* Debug */ = {
			isa = XCBuildConfiguration;
			buildSettings = {
				ALWAYS_SEARCH_USER_PATHS = NO;
				CLANG_ANALYZER_NONNULL = YES;
				CLANG_ANALYZER_NUMBER_OBJECT_CONVERSION = YES_AGGRESSIVE;
				CLANG_CXX_LANGUAGE_STANDARD = "gnu++14";
				CLANG_CXX_LIBRARY = "libc++";
				CLANG_ENABLE_MODULES = YES;
				CLANG_ENABLE_OBJC_ARC = YES;
				CLANG_ENABLE_OBJC_WEAK = YES;
				CLANG_WARN_BLOCK_CAPTURE_AUTORELEASING = YES;
				CLANG_WARN_BOOL_CONVERSION = YES;
				CLANG_WARN_COMMA = YES;
				CLANG_WARN_CONSTANT_CONVERSION = YES;
				CLANG_WARN_DEPRECATED_OBJC_IMPLEMENTATIONS = YES;
				CLANG_WARN_DIRECT_OBJC_ISA_USAGE = YES_ERROR;
				CLANG_WARN_DOCUMENTATION_COMMENTS = YES;
				CLANG_WARN_EMPTY_BODY = YES;
				CLANG_WARN_ENUM_CONVERSION = YES;
				CLANG_WARN_INFINITE_RECURSION = YES;
				CLANG_WARN_INT_CONVERSION = YES;
				CLANG_WARN_NON_LITERAL_NULL_CONVERSION = YES;
				CLANG_WARN_OBJC_IMPLICIT_RETAIN_SELF = YES;
				CLANG_WARN_OBJC_LITERAL_CONVERSION = YES;
				CLANG_WARN_OBJC_ROOT_CLASS = YES_ERROR;
				CLANG_WARN_RANGE_LOOP_ANALYSIS = YES;
				CLANG_WARN_STRICT_PROTOTYPES = YES;
				CLANG_WARN_SUSPICIOUS_MOVE = YES;
				CLANG_WARN_UNGUARDED_AVAILABILITY = YES_AGGRESSIVE;
				CLANG_WARN_UNREACHABLE_CODE = YES;
				CLANG_WARN__DUPLICATE_METHOD_MATCH = YES;
				COPY_PHASE_STRIP = NO;
				DEBUG_INFORMATION_FORMAT = dwarf;
				ENABLE_STRICT_OBJC_MSGSEND = YES;
				ENABLE_TESTABILITY = YES;
				GCC_C_LANGUAGE_STANDARD = gnu11;
				GCC_DYNAMIC_NO_PIC = NO;
				GCC_NO_COMMON_BLOCKS = YES;
				GCC_OPTIMIZATION_LEVEL = 0;
				GCC_PREPROCESSOR_DEFINITIONS = (
					"DEBUG=1",
					"$(inherited)",
				);
				GCC_WARN_64_TO_32_BIT_CONVERSION = YES;
				GCC_WARN_ABOUT_RETURN_TYPE = YES_ERROR;
				GCC_WARN_UNDECLARED_SELECTOR = YES;
				GCC_WARN_UNINITIALIZED_AUTOS = YES_AGGRESSIVE;
				GCC_WARN_UNUSED_FUNCTION = YES;
				GCC_WARN_UNUSED_VARIABLE = YES;
				IPHONEOS_DEPLOYMENT_TARGET = 13.0;
				MTL_ENABLE_DEBUG_INFO = INCLUDE_SOURCE;
				MTL_FAST_MATH = YES;
				ONLY_ACTIVE_ARCH = YES;
				SDKROOT = iphoneos;
				SWIFT_ACTIVE_COMPILATION_CONDITIONS = DEBUG;
				SWIFT_OPTIMIZATION_LEVEL = "-Onone";
			};
			name = Debug;
		};
		05BCEE01235649D3002F804F /* Release */ = {
			isa = XCBuildConfiguration;
			buildSettings = {
				ALWAYS_SEARCH_USER_PATHS = NO;
				CLANG_ANALYZER_NONNULL = YES;
				CLANG_ANALYZER_NUMBER_OBJECT_CONVERSION = YES_AGGRESSIVE;
				CLANG_CXX_LANGUAGE_STANDARD = "gnu++14";
				CLANG_CXX_LIBRARY = "libc++";
				CLANG_ENABLE_MODULES = YES;
				CLANG_ENABLE_OBJC_ARC = YES;
				CLANG_ENABLE_OBJC_WEAK = YES;
				CLANG_WARN_BLOCK_CAPTURE_AUTORELEASING = YES;
				CLANG_WARN_BOOL_CONVERSION = YES;
				CLANG_WARN_COMMA = YES;
				CLANG_WARN_CONSTANT_CONVERSION = YES;
				CLANG_WARN_DEPRECATED_OBJC_IMPLEMENTATIONS = YES;
				CLANG_WARN_DIRECT_OBJC_ISA_USAGE = YES_ERROR;
				CLANG_WARN_DOCUMENTATION_COMMENTS = YES;
				CLANG_WARN_EMPTY_BODY = YES;
				CLANG_WARN_ENUM_CONVERSION = YES;
				CLANG_WARN_INFINITE_RECURSION = YES;
				CLANG_WARN_INT_CONVERSION = YES;
				CLANG_WARN_NON_LITERAL_NULL_CONVERSION = YES;
				CLANG_WARN_OBJC_IMPLICIT_RETAIN_SELF = YES;
				CLANG_WARN_OBJC_LITERAL_CONVERSION = YES;
				CLANG_WARN_OBJC_ROOT_CLASS = YES_ERROR;
				CLANG_WARN_RANGE_LOOP_ANALYSIS = YES;
				CLANG_WARN_STRICT_PROTOTYPES = YES;
				CLANG_WARN_SUSPICIOUS_MOVE = YES;
				CLANG_WARN_UNGUARDED_AVAILABILITY = YES_AGGRESSIVE;
				CLANG_WARN_UNREACHABLE_CODE = YES;
				CLANG_WARN__DUPLICATE_METHOD_MATCH = YES;
				COPY_PHASE_STRIP = NO;
				DEBUG_INFORMATION_FORMAT = "dwarf-with-dsym";
				ENABLE_NS_ASSERTIONS = NO;
				ENABLE_STRICT_OBJC_MSGSEND = YES;
				GCC_C_LANGUAGE_STANDARD = gnu11;
				GCC_NO_COMMON_BLOCKS = YES;
				GCC_WARN_64_TO_32_BIT_CONVERSION = YES;
				GCC_WARN_ABOUT_RETURN_TYPE = YES_ERROR;
				GCC_WARN_UNDECLARED_SELECTOR = YES;
				GCC_WARN_UNINITIALIZED_AUTOS = YES_AGGRESSIVE;
				GCC_WARN_UNUSED_FUNCTION = YES;
				GCC_WARN_UNUSED_VARIABLE = YES;
				IPHONEOS_DEPLOYMENT_TARGET = 13.0;
				MTL_ENABLE_DEBUG_INFO = NO;
				MTL_FAST_MATH = YES;
				SDKROOT = iphoneos;
				SWIFT_COMPILATION_MODE = wholemodule;
				SWIFT_OPTIMIZATION_LEVEL = "-O";
				VALIDATE_PRODUCT = YES;
			};
			name = Release;
		};
		05BCEE03235649D3002F804F /* Debug */ = {
			isa = XCBuildConfiguration;
			buildSettings = {
				ASSETCATALOG_COMPILER_APPICON_NAME = AppIcon;
				CODE_SIGN_STYLE = Automatic;
				DEVELOPMENT_TEAM = N76VWDJ32E;
				INFOPLIST_FILE = testQRScanner/Resources/Info.plist;
				LD_RUNPATH_SEARCH_PATHS = (
					"$(inherited)",
					"@executable_path/Frameworks",
				);
				PRODUCT_BUNDLE_IDENTIFIER = IraGolubovich.testQRScanner;
				PRODUCT_NAME = "$(TARGET_NAME)";
				SWIFT_VERSION = 5.0;
				TARGETED_DEVICE_FAMILY = "1,2";
			};
			name = Debug;
		};
		05BCEE04235649D3002F804F /* Release */ = {
			isa = XCBuildConfiguration;
			buildSettings = {
				ASSETCATALOG_COMPILER_APPICON_NAME = AppIcon;
				CODE_SIGN_STYLE = Automatic;
				DEVELOPMENT_TEAM = N76VWDJ32E;
				INFOPLIST_FILE = testQRScanner/Resources/Info.plist;
				LD_RUNPATH_SEARCH_PATHS = (
					"$(inherited)",
					"@executable_path/Frameworks",
				);
				PRODUCT_BUNDLE_IDENTIFIER = IraGolubovich.testQRScanner;
				PRODUCT_NAME = "$(TARGET_NAME)";
				SWIFT_VERSION = 5.0;
				TARGETED_DEVICE_FAMILY = "1,2";
			};
			name = Release;
		};
/* End XCBuildConfiguration section */

/* Begin XCConfigurationList section */
		05BCEDE9235649CF002F804F /* Build configuration list for PBXProject "testQRScanner" */ = {
			isa = XCConfigurationList;
			buildConfigurations = (
				05BCEE00235649D3002F804F /* Debug */,
				05BCEE01235649D3002F804F /* Release */,
			);
			defaultConfigurationIsVisible = 0;
			defaultConfigurationName = Release;
		};
		05BCEE02235649D3002F804F /* Build configuration list for PBXNativeTarget "testQRScanner" */ = {
			isa = XCConfigurationList;
			buildConfigurations = (
				05BCEE03235649D3002F804F /* Debug */,
				05BCEE04235649D3002F804F /* Release */,
			);
			defaultConfigurationIsVisible = 0;
			defaultConfigurationName = Release;
		};
/* End XCConfigurationList section */
	};
	rootObject = 05BCEDE6235649CF002F804F /* Project object */;
}
